
Microsoft Visual Studio Solution File, Format Version 12.00
# Visual Studio Version 17
VisualStudioVersion = 17.9.34728.123
MinimumVisualStudioVersion = 10.0.40219.1
Project("{FAE04EC0-301F-11D3-BF4B-00C04F79EFBC}") = "Ex04.Menus.Interfaces", "B24 Ex04\Ex04.Menus.Interfaces.csproj", "{E4BABD4B-7989-4CDC-8B9A-839279C3F8A5}"
EndProject
Project("{FAE04EC0-301F-11D3-BF4B-00C04F79EFBC}") = "Ex04.Menus.Test", "Ex04.Menus.Test\Ex04.Menus.Test.csproj", "{1DEE6F31-5303-4866-846C-4D89B47CCE24}"
EndProject
Global
	GlobalSection(SolutionConfigurationPlatforms) = preSolution
		Debug|Any CPU = Debug|Any CPU
		Release|Any CPU = Release|Any CPU
	EndGlobalSection
	GlobalSection(ProjectConfigurationPlatforms) = postSolution
		{E4BABD4B-7989-4CDC-8B9A-839279C3F8A5}.Debug|Any CPU.ActiveCfg = Debug|Any CPU
		{E4BABD4B-7989-4CDC-8B9A-839279C3F8A5}.Debug|Any CPU.Build.0 = Debug|Any CPU
		{E4BABD4B-7989-4CDC-8B9A-839279C3F8A5}.Release|Any CPU.ActiveCfg = Release|Any CPU
		{E4BABD4B-7989-4CDC-8B9A-839279C3F8A5}.Release|Any CPU.Build.0 = Release|Any CPU
		{1DEE6F31-5303-4866-846C-4D89B47CCE24}.Debug|Any CPU.ActiveCfg = Debug|Any CPU
		{1DEE6F31-5303-4866-846C-4D89B47CCE24}.Debug|Any CPU.Build.0 = Debug|Any CPU
		{1DEE6F31-5303-4866-846C-4D89B47CCE24}.Release|Any CPU.ActiveCfg = Release|Any CPU
		{1DEE6F31-5303-4866-846C-4D89B47CCE24}.Release|Any CPU.Build.0 = Release|Any CPU
	EndGlobalSection
	GlobalSection(SolutionProperties) = preSolution
		HideSolutionNode = FALSE
	EndGlobalSection
	GlobalSection(ExtensibilityGlobals) = postSolution
		SolutionGuid = {B5F62628-2EE2-45F6-8753-185E9AE33F55}
	EndGlobalSection
EndGlobal
